
Microsoft Visual Studio Solution File, Format Version 12.00
# Visual Studio Version 16
VisualStudioVersion = 16.0.32228.343
MinimumVisualStudioVersion = 10.0.40219.1
Project("{FAE04EC0-301F-11D3-BF4B-00C04F79EFBC}") = "App02_TipoPaginaXF.UWP", "App02_TipoPaginaXF\App02_TipoPaginaXF.UWP\App02_TipoPaginaXF.UWP.csproj", "{45382EFC-7934-4AC9-903B-4A0EB7FC2476}"
EndProject
Project("{FAE04EC0-301F-11D3-BF4B-00C04F79EFBC}") = "App02_TipoPaginaXF.Android", "App02_TipoPaginaXF\App02_TipoPaginaXF.Android\App02_TipoPaginaXF.Android.csproj", "{A02EAE62-BAFD-4491-A5E7-73DF7695E72E}"
EndProject
Project("{FAE04EC0-301F-11D3-BF4B-00C04F79EFBC}") = "App02_TipoPaginaXF.iOS", "App02_TipoPaginaXF\App02_TipoPaginaXF.iOS\App02_TipoPaginaXF.iOS.csproj", "{F67E7C42-3B5E-4D61-9E0A-AF1CC2910658}"
EndProject
Project("{FAE04EC0-301F-11D3-BF4B-00C04F79EFBC}") = "App02_TipoPaginaXF", "App02_TipoPaginaXF\App02_TipoPaginaXF\App02_TipoPaginaXF.csproj", "{CB19A29F-D889-46BD-AB98-AD9D86903403}"
EndProject
Global
	GlobalSection(SolutionConfigurationPlatforms) = preSolution
		Debug|Any CPU = Debug|Any CPU
		Debug|ARM = Debug|ARM
		Debug|iPhone = Debug|iPhone
		Debug|iPhoneSimulator = Debug|iPhoneSimulator
		Debug|x64 = Debug|x64
		Debug|x86 = Debug|x86
		Release|Any CPU = Release|Any CPU
		Release|ARM = Release|ARM
		Release|iPhone = Release|iPhone
		Release|iPhoneSimulator = Release|iPhoneSimulator
		Release|x64 = Release|x64
		Release|x86 = Release|x86
	EndGlobalSection
	GlobalSection(ProjectConfigurationPlatforms) = postSolution
		{45382EFC-7934-4AC9-903B-4A0EB7FC2476}.Debug|Any CPU.ActiveCfg = Debug|x86
		{45382EFC-7934-4AC9-903B-4A0EB7FC2476}.Debug|Any CPU.Build.0 = Debug|x86
		{45382EFC-7934-4AC9-903B-4A0EB7FC2476}.Debug|Any CPU.Deploy.0 = Debug|x86
		{45382EFC-7934-4AC9-903B-4A0EB7FC2476}.Debug|ARM.ActiveCfg = Debug|ARM
		{45382EFC-7934-4AC9-903B-4A0EB7FC2476}.Debug|ARM.Build.0 = Debug|ARM
		{45382EFC-7934-4AC9-903B-4A0EB7FC2476}.Debug|ARM.Deploy.0 = Debug|ARM
		{45382EFC-7934-4AC9-903B-4A0EB7FC2476}.Debug|iPhone.ActiveCfg = Debug|x86
		{45382EFC-7934-4AC9-903B-4A0EB7FC2476}.Debug|iPhone.Build.0 = Debug|x86
		{45382EFC-7934-4AC9-903B-4A0EB7FC2476}.Debug|iPhone.Deploy.0 = Debug|x86
		{45382EFC-7934-4AC9-903B-4A0EB7FC2476}.Debug|iPhoneSimulator.ActiveCfg = Debug|x86
		{45382EFC-7934-4AC9-903B-4A0EB7FC2476}.Debug|iPhoneSimulator.Build.0 = Debug|x86
		{45382EFC-7934-4AC9-903B-4A0EB7FC2476}.Debug|iPhoneSimulator.Deploy.0 = Debug|x86
		{45382EFC-7934-4AC9-903B-4A0EB7FC2476}.Debug|x64.ActiveCfg = Debug|x64
		{45382EFC-7934-4AC9-903B-4A0EB7FC2476}.Debug|x64.Build.0 = Debug|x64
		{45382EFC-7934-4AC9-903B-4A0EB7FC2476}.Debug|x64.Deploy.0 = Debug|x64
		{45382EFC-7934-4AC9-903B-4A0EB7FC2476}.Debug|x86.ActiveCfg = Debug|x86
		{45382EFC-7934-4AC9-903B-4A0EB7FC2476}.Debug|x86.Build.0 = Debug|x86
		{45382EFC-7934-4AC9-903B-4A0EB7FC2476}.Debug|x86.Deploy.0 = Debug|x86
		{45382EFC-7934-4AC9-903B-4A0EB7FC2476}.Release|Any CPU.ActiveCfg = Release|x86
		{45382EFC-7934-4AC9-903B-4A0EB7FC2476}.Release|Any CPU.Build.0 = Release|x86
		{45382EFC-7934-4AC9-903B-4A0EB7FC2476}.Release|Any CPU.Deploy.0 = Release|x86
		{45382EFC-7934-4AC9-903B-4A0EB7FC2476}.Release|ARM.ActiveCfg = Release|ARM
		{45382EFC-7934-4AC9-903B-4A0EB7FC2476}.Release|ARM.Build.0 = Release|ARM
		{45382EFC-7934-4AC9-903B-4A0EB7FC2476}.Release|ARM.Deploy.0 = Release|ARM
		{45382EFC-7934-4AC9-903B-4A0EB7FC2476}.Release|iPhone.ActiveCfg = Release|x86
		{45382EFC-7934-4AC9-903B-4A0EB7FC2476}.Release|iPhone.Build.0 = Release|x86
		{45382EFC-7934-4AC9-903B-4A0EB7FC2476}.Release|iPhone.Deploy.0 = Release|x86
		{45382EFC-7934-4AC9-903B-4A0EB7FC2476}.Release|iPhoneSimulator.ActiveCfg = Release|x86
		{45382EFC-7934-4AC9-903B-4A0EB7FC2476}.Release|iPhoneSimulator.Build.0 = Release|x86
		{45382EFC-7934-4AC9-903B-4A0EB7FC2476}.Release|iPhoneSimulator.Deploy.0 = Release|x86
		{45382EFC-7934-4AC9-903B-4A0EB7FC2476}.Release|x64.ActiveCfg = Release|x64
		{45382EFC-7934-4AC9-903B-4A0EB7FC2476}.Release|x64.Build.0 = Release|x64
		{45382EFC-7934-4AC9-903B-4A0EB7FC2476}.Release|x64.Deploy.0 = Release|x64
		{45382EFC-7934-4AC9-903B-4A0EB7FC2476}.Release|x86.ActiveCfg = Release|x86
		{45382EFC-7934-4AC9-903B-4A0EB7FC2476}.Release|x86.Build.0 = Release|x86
		{45382EFC-7934-4AC9-903B-4A0EB7FC2476}.Release|x86.Deploy.0 = Release|x86
		{A02EAE62-BAFD-4491-A5E7-73DF7695E72E}.Debug|Any CPU.ActiveCfg = Debug|Any CPU
		{A02EAE62-BAFD-4491-A5E7-73DF7695E72E}.Debug|Any CPU.Build.0 = Debug|Any CPU
		{A02EAE62-BAFD-4491-A5E7-73DF7695E72E}.Debug|Any CPU.Deploy.0 = Debug|Any CPU
		{A02EAE62-BAFD-4491-A5E7-73DF7695E72E}.Debug|ARM.ActiveCfg = Debug|Any CPU
		{A02EAE62-BAFD-4491-A5E7-73DF7695E72E}.Debug|ARM.Build.0 = Debug|Any CPU
		{A02EAE62-BAFD-4491-A5E7-73DF7695E72E}.Debug|ARM.Deploy.0 = Debug|Any CPU
		{A02EAE62-BAFD-4491-A5E7-73DF7695E72E}.Debug|iPhone.ActiveCfg = Debug|Any CPU
		{A02EAE62-BAFD-4491-A5E7-73DF7695E72E}.Debug|iPhone.Build.0 = Debug|Any CPU
		{A02EAE62-BAFD-4491-A5E7-73DF7695E72E}.Debug|iPhone.Deploy.0 = Debug|Any CPU
		{A02EAE62-BAFD-4491-A5E7-73DF7695E72E}.Debug|iPhoneSimulator.ActiveCfg = Debug|Any CPU
		{A02EAE62-BAFD-4491-A5E7-73DF7695E72E}.Debug|iPhoneSimulator.Build.0 = Debug|Any CPU
		{A02EAE62-BAFD-4491-A5E7-73DF7695E72E}.Debug|iPhoneSimulator.Deploy.0 = Debug|Any CPU
		{A02EAE62-BAFD-4491-A5E7-73DF7695E72E}.Debug|x64.ActiveCfg = Debug|Any CPU
		{A02EAE62-BAFD-4491-A5E7-73DF7695E72E}.Debug|x64.Build.0 = Debug|Any CPU
		{A02EAE62-BAFD-4491-A5E7-73DF7695E72E}.Debug|x64.Deploy.0 = Debug|Any CPU
		{A02EAE62-BAFD-4491-A5E7-73DF7695E72E}.Debug|x86.ActiveCfg = Debug|Any CPU
		{A02EAE62-BAFD-4491-A5E7-73DF7695E72E}.Debug|x86.Build.0 = Debug|Any CPU
		{A02EAE62-BAFD-4491-A5E7-73DF7695E72E}.Debug|x86.Deploy.0 = Debug|Any CPU
		{A02EAE62-BAFD-4491-A5E7-73DF7695E72E}.Release|Any CPU.ActiveCfg = Release|Any CPU
		{A02EAE62-BAFD-4491-A5E7-73DF7695E72E}.Release|Any CPU.Build.0 = Release|Any CPU
		{A02EAE62-BAFD-4491-A5E7-73DF7695E72E}.Release|Any CPU.Deploy.0 = Release|Any CPU
		{A02EAE62-BAFD-4491-A5E7-73DF7695E72E}.Release|ARM.ActiveCfg = Release|Any CPU
		{A02EAE62-BAFD-4491-A5E7-73DF7695E72E}.Release|ARM.Build.0 = Release|Any CPU
		{A02EAE62-BAFD-4491-A5E7-73DF7695E72E}.Release|ARM.Deploy.0 = Release|Any CPU
		{A02EAE62-BAFD-4491-A5E7-73DF7695E72E}.Release|iPhone.ActiveCfg = Release|Any CPU
		{A02EAE62-BAFD-4491-A5E7-73DF7695E72E}.Release|iPhone.Build.0 = Release|Any CPU
		{A02EAE62-BAFD-4491-A5E7-73DF7695E72E}.Release|iPhone.Deploy.0 = Release|Any CPU
		{A02EAE62-BAFD-4491-A5E7-73DF7695E72E}.Release|iPhoneSimulator.ActiveCfg = Release|Any CPU
		{A02EAE62-BAFD-4491-A5E7-73DF7695E72E}.Release|iPhoneSimulator.Build.0 = Release|Any CPU
		{A02EAE62-BAFD-4491-A5E7-73DF7695E72E}.Release|iPhoneSimulator.Deploy.0 = Release|Any CPU
		{A02EAE62-BAFD-4491-A5E7-73DF7695E72E}.Release|x64.ActiveCfg = Release|Any CPU
		{A02EAE62-BAFD-4491-A5E7-73DF7695E72E}.Release|x64.Build.0 = Release|Any CPU
		{A02EAE62-BAFD-4491-A5E7-73DF7695E72E}.Release|x64.Deploy.0 = Release|Any CPU
		{A02EAE62-BAFD-4491-A5E7-73DF7695E72E}.Release|x86.ActiveCfg = Release|Any CPU
		{A02EAE62-BAFD-4491-A5E7-73DF7695E72E}.Release|x86.Build.0 = Release|Any CPU
		{A02EAE62-BAFD-4491-A5E7-73DF7695E72E}.Release|x86.Deploy.0 = Release|Any CPU
		{F67E7C42-3B5E-4D61-9E0A-AF1CC2910658}.Debug|Any CPU.ActiveCfg = Debug|iPhoneSimulator
		{F67E7C42-3B5E-4D61-9E0A-AF1CC2910658}.Debug|Any CPU.Build.0 = Debug|iPhoneSimulator
		{F67E7C42-3B5E-4D61-9E0A-AF1CC2910658}.Debug|Any CPU.Deploy.0 = Debug|iPhoneSimulator
		{F67E7C42-3B5E-4D61-9E0A-AF1CC2910658}.Debug|ARM.ActiveCfg = Debug|iPhone
		{F67E7C42-3B5E-4D61-9E0A-AF1CC2910658}.Debug|ARM.Build.0 = Debug|iPhone
		{F67E7C42-3B5E-4D61-9E0A-AF1CC2910658}.Debug|ARM.Deploy.0 = Debug|iPhone
		{F67E7C42-3B5E-4D61-9E0A-AF1CC2910658}.Debug|iPhone.ActiveCfg = Debug|iPhone
		{F67E7C42-3B5E-4D61-9E0A-AF1CC2910658}.Debug|iPhone.Build.0 = Debug|iPhone
		{F67E7C42-3B5E-4D61-9E0A-AF1CC2910658}.Debug|iPhone.Deploy.0 = Debug|iPhone
		{F67E7C42-3B5E-4D61-9E0A-AF1CC2910658}.Debug|iPhoneSimulator.ActiveCfg = Debug|iPhoneSimulator
		{F67E7C42-3B5E-4D61-9E0A-AF1CC2910658}.Debug|iPhoneSimulator.Build.0 = Debug|iPhoneSimulator
		{F67E7C42-3B5E-4D61-9E0A-AF1CC2910658}.Debug|iPhoneSimulator.Deploy.0 = Debug|iPhoneSimulator
		{F67E7C42-3B5E-4D61-9E0A-AF1CC2910658}.Debug|x64.ActiveCfg = Debug|iPhoneSimulator
		{F67E7C42-3B5E-4D61-9E0A-AF1CC2910658}.Debug|x64.Build.0 = Debug|iPhoneSimulator
		{F67E7C42-3B5E-4D61-9E0A-AF1CC2910658}.Debug|x64.Deploy.0 = Debug|iPhoneSimulator
		{F67E7C42-3B5E-4D61-9E0A-AF1CC2910658}.Debug|x86.ActiveCfg = Debug|iPhoneSimulator
		{F67E7C42-3B5E-4D61-9E0A-AF1CC2910658}.Debug|x86.Build.0 = Debug|iPhoneSimulator
		{F67E7C42-3B5E-4D61-9E0A-AF1CC2910658}.Debug|x86.Deploy.0 = Debug|iPhoneSimulator
		{F67E7C42-3B5E-4D61-9E0A-AF1CC2910658}.Release|Any CPU.ActiveCfg = Release|iPhoneSimulator
		{F67E7C42-3B5E-4D61-9E0A-AF1CC2910658}.Release|Any CPU.Build.0 = Release|iPhoneSimulator
		{F67E7C42-3B5E-4D61-9E0A-AF1CC2910658}.Release|Any CPU.Deploy.0 = Release|iPhoneSimulator
		{F67E7C42-3B5E-4D61-9E0A-AF1CC2910658}.Release|ARM.ActiveCfg = Release|iPhoneSimulator
		{F67E7C42-3B5E-4D61-9E0A-AF1CC2910658}.Release|ARM.Build.0 = Release|iPhoneSimulator
		{F67E7C42-3B5E-4D61-9E0A-AF1CC2910658}.Release|ARM.Deploy.0 = Release|iPhoneSimulator
		{F67E7C42-3B5E-4D61-9E0A-AF1CC2910658}.Release|iPhone.ActiveCfg = Release|iPhone
		{F67E7C42-3B5E-4D61-9E0A-AF1CC2910658}.Release|iPhone.Build.0 = Release|iPhone
		{F67E7C42-3B5E-4D61-9E0A-AF1CC2910658}.Release|iPhone.Deploy.0 = Release|iPhone
		{F67E7C42-3B5E-4D61-9E0A-AF1CC2910658}.Release|iPhoneSimulator.ActiveCfg = Release|iPhoneSimulator
		{F67E7C42-3B5E-4D61-9E0A-AF1CC2910658}.Release|iPhoneSimulator.Build.0 = Release|iPhoneSimulator
		{F67E7C42-3B5E-4D61-9E0A-AF1CC2910658}.Release|iPhoneSimulator.Deploy.0 = Release|iPhoneSimulator
		{F67E7C42-3B5E-4D61-9E0A-AF1CC2910658}.Release|x64.ActiveCfg = Release|iPhoneSimulator
		{F67E7C42-3B5E-4D61-9E0A-AF1CC2910658}.Release|x64.Build.0 = Release|iPhoneSimulator
		{F67E7C42-3B5E-4D61-9E0A-AF1CC2910658}.Release|x64.Deploy.0 = Release|iPhoneSimulator
		{F67E7C42-3B5E-4D61-9E0A-AF1CC2910658}.Release|x86.ActiveCfg = Release|iPhoneSimulator
		{F67E7C42-3B5E-4D61-9E0A-AF1CC2910658}.Release|x86.Build.0 = Release|iPhoneSimulator
		{F67E7C42-3B5E-4D61-9E0A-AF1CC2910658}.Release|x86.Deploy.0 = Release|iPhoneSimulator
		{CB19A29F-D889-46BD-AB98-AD9D86903403}.Debug|Any CPU.ActiveCfg = Debug|Any CPU
		{CB19A29F-D889-46BD-AB98-AD9D86903403}.Debug|Any CPU.Build.0 = Debug|Any CPU
		{CB19A29F-D889-46BD-AB98-AD9D86903403}.Debug|Any CPU.Deploy.0 = Debug|Any CPU
		{CB19A29F-D889-46BD-AB98-AD9D86903403}.Debug|ARM.ActiveCfg = Debug|Any CPU
		{CB19A29F-D889-46BD-AB98-AD9D86903403}.Debug|ARM.Build.0 = Debug|Any CPU
		{CB19A29F-D889-46BD-AB98-AD9D86903403}.Debug|ARM.Deploy.0 = Debug|Any CPU
		{CB19A29F-D889-46BD-AB98-AD9D86903403}.Debug|iPhone.ActiveCfg = Debug|Any CPU
		{CB19A29F-D889-46BD-AB98-AD9D86903403}.Debug|iPhone.Build.0 = Debug|Any CPU
		{CB19A29F-D889-46BD-AB98-AD9D86903403}.Debug|iPhone.Deploy.0 = Debug|Any CPU
		{CB19A29F-D889-46BD-AB98-AD9D86903403}.Debug|iPhoneSimulator.ActiveCfg = Debug|Any CPU
		{CB19A29F-D889-46BD-AB98-AD9D86903403}.Debug|iPhoneSimulator.Build.0 = Debug|Any CPU
		{CB19A29F-D889-46BD-AB98-AD9D86903403}.Debug|iPhoneSimulator.Deploy.0 = Debug|Any CPU
		{CB19A29F-D889-46BD-AB98-AD9D86903403}.Debug|x64.ActiveCfg = Debug|Any CPU
		{CB19A29F-D889-46BD-AB98-AD9D86903403}.Debug|x64.Build.0 = Debug|Any CPU
		{CB19A29F-D889-46BD-AB98-AD9D86903403}.Debug|x64.Deploy.0 = Debug|Any CPU
		{CB19A29F-D889-46BD-AB98-AD9D86903403}.Debug|x86.ActiveCfg = Debug|Any CPU
		{CB19A29F-D889-46BD-AB98-AD9D86903403}.Debug|x86.Build.0 = Debug|Any CPU
		{CB19A29F-D889-46BD-AB98-AD9D86903403}.Debug|x86.Deploy.0 = Debug|Any CPU
		{CB19A29F-D889-46BD-AB98-AD9D86903403}.Release|Any CPU.ActiveCfg = Release|Any CPU
		{CB19A29F-D889-46BD-AB98-AD9D86903403}.Release|Any CPU.Build.0 = Release|Any CPU
		{CB19A29F-D889-46BD-AB98-AD9D86903403}.Release|Any CPU.Deploy.0 = Release|Any CPU
		{CB19A29F-D889-46BD-AB98-AD9D86903403}.Release|ARM.ActiveCfg = Release|Any CPU
		{CB19A29F-D889-46BD-AB98-AD9D86903403}.Release|ARM.Build.0 = Release|Any CPU
		{CB19A29F-D889-46BD-AB98-AD9D86903403}.Release|ARM.Deploy.0 = Release|Any CPU
		{CB19A29F-D889-46BD-AB98-AD9D86903403}.Release|iPhone.ActiveCfg = Release|Any CPU
		{CB19A29F-D889-46BD-AB98-AD9D86903403}.Release|iPhone.Build.0 = Release|Any CPU
		{CB19A29F-D889-46BD-AB98-AD9D86903403}.Release|iPhone.Deploy.0 = Release|Any CPU
		{CB19A29F-D889-46BD-AB98-AD9D86903403}.Release|iPhoneSimulator.ActiveCfg = Release|Any CPU
		{CB19A29F-D889-46BD-AB98-AD9D86903403}.Release|iPhoneSimulator.Build.0 = Release|Any CPU
		{CB19A29F-D889-46BD-AB98-AD9D86903403}.Release|iPhoneSimulator.Deploy.0 = Release|Any CPU
		{CB19A29F-D889-46BD-AB98-AD9D86903403}.Release|x64.ActiveCfg = Release|Any CPU
		{CB19A29F-D889-46BD-AB98-AD9D86903403}.Release|x64.Build.0 = Release|Any CPU
		{CB19A29F-D889-46BD-AB98-AD9D86903403}.Release|x64.Deploy.0 = Release|Any CPU
		{CB19A29F-D889-46BD-AB98-AD9D86903403}.Release|x86.ActiveCfg = Release|Any CPU
		{CB19A29F-D889-46BD-AB98-AD9D86903403}.Release|x86.Build.0 = Release|Any CPU
		{CB19A29F-D889-46BD-AB98-AD9D86903403}.Release|x86.Deploy.0 = Release|Any CPU
	EndGlobalSection
	GlobalSection(SolutionProperties) = preSolution
		HideSolutionNode = FALSE
	EndGlobalSection
	GlobalSection(ExtensibilityGlobals) = postSolution
		SolutionGuid = {FAAEF92A-8F6D-4B4F-87BE-4BC355DFA784}
	EndGlobalSection
EndGlobal
